
Microsoft Visual Studio Solution File, Format Version 12.00
# Visual Studio Version 17
VisualStudioVersion = 17.0.32112.339
MinimumVisualStudioVersion = 10.0.40219.1
Project("{FAE04EC0-301F-11D3-BF4B-00C04F79EFBC}") = "EFCore.WebAPI", "EFCore.WebAPI\EFCore.WebAPI.csproj", "{BA4CEE89-7E79-4012-A1BE-420633F45B97}"
EndProject
Global
	GlobalSection(SolutionConfigurationPlatforms) = preSolution
		Debug|Any CPU = Debug|Any CPU
		Release|Any CPU = Release|Any CPU
	EndGlobalSection
	GlobalSection(ProjectConfigurationPlatforms) = postSolution
		{BA4CEE89-7E79-4012-A1BE-420633F45B97}.Debug|Any CPU.ActiveCfg = Debug|Any CPU
		{BA4CEE89-7E79-4012-A1BE-420633F45B97}.Debug|Any CPU.Build.0 = Debug|Any CPU
		{BA4CEE89-7E79-4012-A1BE-420633F45B97}.Release|Any CPU.ActiveCfg = Release|Any CPU
		{BA4CEE89-7E79-4012-A1BE-420633F45B97}.Release|Any CPU.Build.0 = Release|Any CPU
	EndGlobalSection
	GlobalSection(SolutionProperties) = preSolution
		HideSolutionNode = FALSE
	EndGlobalSection
	GlobalSection(ExtensibilityGlobals) = postSolution
		SolutionGuid = {FC5CED0E-58CE-4561-905C-FC4B1BD77794}
	EndGlobalSection
EndGlobal
